
Microsoft Visual Studio Solution File, Format Version 12.00
# Visual Studio 14
VisualStudioVersion = 14.0.24720.0
MinimumVisualStudioVersion = 10.0.40219.1
Project("{FAE04EC0-301F-11D3-BF4B-00C04F79EFBC}") = "SvenSlarson", "SvenSlarson\SvenSlarson.csproj", "{CB11C72C-F8A5-4CEB-9F18-B20B23E8E534}"
EndProject
Global
	GlobalSection(SolutionConfigurationPlatforms) = preSolution
		Debug|Any CPU = Debug|Any CPU
		Release|Any CPU = Release|Any CPU
	EndGlobalSection
	GlobalSection(ProjectConfigurationPlatforms) = postSolution
		{CB11C72C-F8A5-4CEB-9F18-B20B23E8E534}.Debug|Any CPU.ActiveCfg = Debug|Any CPU
		{CB11C72C-F8A5-4CEB-9F18-B20B23E8E534}.Debug|Any CPU.Build.0 = Debug|Any CPU
		{CB11C72C-F8A5-4CEB-9F18-B20B23E8E534}.Release|Any CPU.ActiveCfg = Release|Any CPU
		{CB11C72C-F8A5-4CEB-9F18-B20B23E8E534}.Release|Any CPU.Build.0 = Release|Any CPU
	EndGlobalSection
	GlobalSection(SolutionProperties) = preSolution
		HideSolutionNode = FALSE
	EndGlobalSection
EndGlobal
